{
  "name": "homepire pro",
  "lockfileVersion": 2,
  "requires": true,
  "packages": {
    "": {
      "dependencies": {
        "@splidejs/splide": "^4.0.4"
      }
    },
    "node_modules/@splidejs/splide": {
      "version": "4.0.4",
      "resolved": "https://registry.npmjs.org/@splidejs/splide/-/splide-4.0.4.tgz",
      "integrity": "sha512-mHcKSvf6YiP/Epy6YoXewmOF1NUOkL7s7+IhQYiiJhNc7U7cLXQn8mIiPPNSosvshWbZaAO7xVRXbOWWoKZEcw=="
    }
  },
  "dependencies": {
    "@splidejs/splide": {
      "version": "4.0.4",
      "resolved": "https://registry.npmjs.org/@splidejs/splide/-/splide-4.0.4.tgz",
      "integrity": "sha512-mHcKSvf6YiP/Epy6YoXewmOF1NUOkL7s7+IhQYiiJhNc7U7cLXQn8mIiPPNSosvshWbZaAO7xVRXbOWWoKZEcw=="
    }
  }
}
